// !$*UTF8*$!
{
	archiveVersion = 1;
	classes = {
	};
	objectVersion = 50;
	objects = {

/* Begin PBXBuildFile section */
		DB36AD5121ABAB7B001095AF /* PRViewViewModel.swift in Sources */ = {isa = PBXBuildFile; fileRef = DB36AD5021ABAB7B001095AF /* PRViewViewModel.swift */; };
		DB36AD5521ABEE54001095AF /* ViewModelProtocols.swift in Sources */ = {isa = PBXBuildFile; fileRef = DB36AD5421ABEE54001095AF /* ViewModelProtocols.swift */; };
		DB3ACCE621AC4D9200BD9132 /* PRMapView.swift in Sources */ = {isa = PBXBuildFile; fileRef = DB3ACCE521AC4D9200BD9132 /* PRMapView.swift */; };
		DB3ACCE821AC692E00BD9132 /* DataProtocols.swift in Sources */ = {isa = PBXBuildFile; fileRef = DB3ACCE721AC692D00BD9132 /* DataProtocols.swift */; };
		DB3ACCEA21AC6BF400BD9132 /* CoreDataConnector.swift in Sources */ = {isa = PBXBuildFile; fileRef = DB3ACCE921AC6BF400BD9132 /* CoreDataConnector.swift */; };
		DB3B2E7721AADE5100C10718 /* AppDelegate.swift in Sources */ = {isa = PBXBuildFile; fileRef = DB3B2E7621AADE5100C10718 /* AppDelegate.swift */; };
		DB3B2E7921AADE5100C10718 /* ViewController.swift in Sources */ = {isa = PBXBuildFile; fileRef = DB3B2E7821AADE5100C10718 /* ViewController.swift */; };
		DB3B2E7C21AADE5100C10718 /* Main.storyboard in Resources */ = {isa = PBXBuildFile; fileRef = DB3B2E7A21AADE5100C10718 /* Main.storyboard */; };
		DB3B2E7F21AADE5100C10718 /* PRStrategyPlanner.xcdatamodeld in Sources */ = {isa = PBXBuildFile; fileRef = DB3B2E7D21AADE5100C10718 /* PRStrategyPlanner.xcdatamodeld */; };
		DB3B2E8121AADE5300C10718 /* Assets.xcassets in Resources */ = {isa = PBXBuildFile; fileRef = DB3B2E8021AADE5300C10718 /* Assets.xcassets */; };
		DB3B2E8421AADE5300C10718 /* LaunchScreen.storyboard in Resources */ = {isa = PBXBuildFile; fileRef = DB3B2E8221AADE5300C10718 /* LaunchScreen.storyboard */; };
		DB3B2E8F21AADE5400C10718 /* PRStrategyPlannerTests.swift in Sources */ = {isa = PBXBuildFile; fileRef = DB3B2E8E21AADE5400C10718 /* PRStrategyPlannerTests.swift */; };
		DB3B2EA221AAED2D00C10718 /* PowerRanger+CoreDataClass.swift in Sources */ = {isa = PBXBuildFile; fileRef = DB3B2EA021AAED2D00C10718 /* PowerRanger+CoreDataClass.swift */; };
		DB3B2EA321AAED2D00C10718 /* PowerRanger+CoreDataProperties.swift in Sources */ = {isa = PBXBuildFile; fileRef = DB3B2EA121AAED2D00C10718 /* PowerRanger+CoreDataProperties.swift */; };
		DB3B2EA521AAEDAA00C10718 /* PRView.swift in Sources */ = {isa = PBXBuildFile; fileRef = DB3B2EA421AAEDAA00C10718 /* PRView.swift */; };
		DB3B2EA921AAF42100C10718 /* ColorUtils.swift in Sources */ = {isa = PBXBuildFile; fileRef = DB3B2EA821AAF42100C10718 /* ColorUtils.swift */; };
		DB3B2EAD21AAF6BE00C10718 /* PRListViewModel.swift in Sources */ = {isa = PBXBuildFile; fileRef = DB3B2EAC21AAF6BE00C10718 /* PRListViewModel.swift */; };
		DB3B2EAF21AAF70300C10718 /* PRCellViewModel.swift in Sources */ = {isa = PBXBuildFile; fileRef = DB3B2EAE21AAF70300C10718 /* PRCellViewModel.swift */; };
		DB3B2EB121AB001700C10718 /* PRTableViewCell.swift in Sources */ = {isa = PBXBuildFile; fileRef = DB3B2EB021AB001700C10718 /* PRTableViewCell.swift */; };
		DB3B2EB321AB0B1300C10718 /* PRMapViewModel.swift in Sources */ = {isa = PBXBuildFile; fileRef = DB3B2EB221AB0B1300C10718 /* PRMapViewModel.swift */; };
/* End PBXBuildFile section */

/* Begin PBXContainerItemProxy section */
		DB3B2E8B21AADE5400C10718 /* PBXContainerItemProxy */ = {
			isa = PBXContainerItemProxy;
			containerPortal = DB3B2E6B21AADE5100C10718 /* Project object */;
			proxyType = 1;
			remoteGlobalIDString = DB3B2E7221AADE5100C10718;
			remoteInfo = PRStrategyPlanner;
		};
/* End PBXContainerItemProxy section */

/* Begin PBXFileReference section */
		DB36AD5021ABAB7B001095AF /* PRViewViewModel.swift */ = {isa = PBXFileReference; lastKnownFileType = sourcecode.swift; path = PRViewViewModel.swift; sourceTree = "<group>"; };
		DB36AD5421ABEE54001095AF /* ViewModelProtocols.swift */ = {isa = PBXFileReference; lastKnownFileType = sourcecode.swift; path = ViewModelProtocols.swift; sourceTree = "<group>"; };
		DB3ACCE521AC4D9200BD9132 /* PRMapView.swift */ = {isa = PBXFileReference; lastKnownFileType = sourcecode.swift; path = PRMapView.swift; sourceTree = "<group>"; };
		DB3ACCE721AC692D00BD9132 /* DataProtocols.swift */ = {isa = PBXFileReference; lastKnownFileType = sourcecode.swift; path = DataProtocols.swift; sourceTree = "<group>"; };
		DB3ACCE921AC6BF400BD9132 /* CoreDataConnector.swift */ = {isa = PBXFileReference; lastKnownFileType = sourcecode.swift; path = CoreDataConnector.swift; sourceTree = "<group>"; };
		DB3B2E7321AADE5100C10718 /* PRStrategyPlanner.app */ = {isa = PBXFileReference; explicitFileType = wrapper.application; includeInIndex = 0; path = PRStrategyPlanner.app; sourceTree = BUILT_PRODUCTS_DIR; };
		DB3B2E7621AADE5100C10718 /* AppDelegate.swift */ = {isa = PBXFileReference; lastKnownFileType = sourcecode.swift; path = AppDelegate.swift; sourceTree = "<group>"; };
		DB3B2E7821AADE5100C10718 /* ViewController.swift */ = {isa = PBXFileReference; lastKnownFileType = sourcecode.swift; path = ViewController.swift; sourceTree = "<group>"; };
		DB3B2E7B21AADE5100C10718 /* Base */ = {isa = PBXFileReference; lastKnownFileType = file.storyboard; name = Base; path = Base.lproj/Main.storyboard; sourceTree = "<group>"; };
		DB3B2E7E21AADE5100C10718 /* PRStrategyPlanner.xcdatamodel */ = {isa = PBXFileReference; lastKnownFileType = wrapper.xcdatamodel; path = PRStrategyPlanner.xcdatamodel; sourceTree = "<group>"; };
		DB3B2E8021AADE5300C10718 /* Assets.xcassets */ = {isa = PBXFileReference; lastKnownFileType = folder.assetcatalog; path = Assets.xcassets; sourceTree = "<group>"; };
		DB3B2E8321AADE5300C10718 /* Base */ = {isa = PBXFileReference; lastKnownFileType = file.storyboard; name = Base; path = Base.lproj/LaunchScreen.storyboard; sourceTree = "<group>"; };
		DB3B2E8521AADE5300C10718 /* Info.plist */ = {isa = PBXFileReference; lastKnownFileType = text.plist.xml; path = Info.plist; sourceTree = "<group>"; };
		DB3B2E8A21AADE5400C10718 /* PRStrategyPlannerTests.xctest */ = {isa = PBXFileReference; explicitFileType = wrapper.cfbundle; includeInIndex = 0; path = PRStrategyPlannerTests.xctest; sourceTree = BUILT_PRODUCTS_DIR; };
		DB3B2E8E21AADE5400C10718 /* PRStrategyPlannerTests.swift */ = {isa = PBXFileReference; lastKnownFileType = sourcecode.swift; path = PRStrategyPlannerTests.swift; sourceTree = "<group>"; };
		DB3B2E9021AADE5400C10718 /* Info.plist */ = {isa = PBXFileReference; lastKnownFileType = text.plist.xml; path = Info.plist; sourceTree = "<group>"; };
		DB3B2EA021AAED2D00C10718 /* PowerRanger+CoreDataClass.swift */ = {isa = PBXFileReference; lastKnownFileType = sourcecode.swift; path = "PowerRanger+CoreDataClass.swift"; sourceTree = "<group>"; };
		DB3B2EA121AAED2D00C10718 /* PowerRanger+CoreDataProperties.swift */ = {isa = PBXFileReference; lastKnownFileType = sourcecode.swift; path = "PowerRanger+CoreDataProperties.swift"; sourceTree = "<group>"; };
		DB3B2EA421AAEDAA00C10718 /* PRView.swift */ = {isa = PBXFileReference; lastKnownFileType = sourcecode.swift; path = PRView.swift; sourceTree = "<group>"; };
		DB3B2EA821AAF42100C10718 /* ColorUtils.swift */ = {isa = PBXFileReference; lastKnownFileType = sourcecode.swift; path = ColorUtils.swift; sourceTree = "<group>"; };
		DB3B2EAC21AAF6BE00C10718 /* PRListViewModel.swift */ = {isa = PBXFileReference; lastKnownFileType = sourcecode.swift; path = PRListViewModel.swift; sourceTree = "<group>"; };
		DB3B2EAE21AAF70300C10718 /* PRCellViewModel.swift */ = {isa = PBXFileReference; lastKnownFileType = sourcecode.swift; path = PRCellViewModel.swift; sourceTree = "<group>"; };
		DB3B2EB021AB001700C10718 /* PRTableViewCell.swift */ = {isa = PBXFileReference; lastKnownFileType = sourcecode.swift; path = PRTableViewCell.swift; sourceTree = "<group>"; };
		DB3B2EB221AB0B1300C10718 /* PRMapViewModel.swift */ = {isa = PBXFileReference; lastKnownFileType = sourcecode.swift; path = PRMapViewModel.swift; sourceTree = "<group>"; };
/* End PBXFileReference section */

/* Begin PBXFrameworksBuildPhase section */
		DB3B2E7021AADE5100C10718 /* Frameworks */ = {
			isa = PBXFrameworksBuildPhase;
			buildActionMask = 2147483647;
			files = (
			);
			runOnlyForDeploymentPostprocessing = 0;
		};
		DB3B2E8721AADE5400C10718 /* Frameworks */ = {
			isa = PBXFrameworksBuildPhase;
			buildActionMask = 2147483647;
			files = (
			);
			runOnlyForDeploymentPostprocessing = 0;
		};
/* End PBXFrameworksBuildPhase section */

/* Begin PBXGroup section */
		DB3ACCE021AC47D700BD9132 /* ViewModells */ = {
			isa = PBXGroup;
			children = (
				DB36AD5421ABEE54001095AF /* ViewModelProtocols.swift */,
				DB3ACCE421AC485500BD9132 /* ListViewModel */,
				DB3ACCE321AC483C00BD9132 /* MapViewModels */,
			);
			path = ViewModells;
			sourceTree = "<group>";
		};
		DB3ACCE121AC481700BD9132 /* ListView */ = {
			isa = PBXGroup;
			children = (
				DB3B2EB021AB001700C10718 /* PRTableViewCell.swift */,
			);
			path = ListView;
			sourceTree = "<group>";
		};
		DB3ACCE221AC482800BD9132 /* Main */ = {
			isa = PBXGroup;
			children = (
				DB3B2E7821AADE5100C10718 /* ViewController.swift */,
			);
			path = Main;
			sourceTree = "<group>";
		};
		DB3ACCE321AC483C00BD9132 /* MapViewModels */ = {
			isa = PBXGroup;
			children = (
				DB36AD5021ABAB7B001095AF /* PRViewViewModel.swift */,
				DB3B2EB221AB0B1300C10718 /* PRMapViewModel.swift */,
			);
			path = MapViewModels;
			sourceTree = "<group>";
		};
		DB3ACCE421AC485500BD9132 /* ListViewModel */ = {
			isa = PBXGroup;
			children = (
				DB3B2EAE21AAF70300C10718 /* PRCellViewModel.swift */,
				DB3B2EAC21AAF6BE00C10718 /* PRListViewModel.swift */,
			);
			path = ListViewModel;
			sourceTree = "<group>";
		};
		DB3B2E6A21AADE5100C10718 = {
			isa = PBXGroup;
			children = (
				DB3B2E7521AADE5100C10718 /* PRStrategyPlanner */,
				DB3B2E8D21AADE5400C10718 /* PRStrategyPlannerTests */,
				DB3B2E7421AADE5100C10718 /* Products */,
			);
			sourceTree = "<group>";
		};
		DB3B2E7421AADE5100C10718 /* Products */ = {
			isa = PBXGroup;
			children = (
				DB3B2E7321AADE5100C10718 /* PRStrategyPlanner.app */,
				DB3B2E8A21AADE5400C10718 /* PRStrategyPlannerTests.xctest */,
			);
			name = Products;
			sourceTree = "<group>";
		};
		DB3B2E7521AADE5100C10718 /* PRStrategyPlanner */ = {
			isa = PBXGroup;
			children = (
				DB3B2EA721AAF3C900C10718 /* Utils */,
				DB3ACCE021AC47D700BD9132 /* ViewModells */,
				DB3B2E9C21AAE9E800C10718 /* Models */,
				DB3B2E9B21AAE9E000C10718 /* Views */,
				DB3B2E9921AAE97900C10718 /* Resources */,
				DB3B2E7621AADE5100C10718 /* AppDelegate.swift */,
				DB3B2E7A21AADE5100C10718 /* Main.storyboard */,
				DB3B2E8221AADE5300C10718 /* LaunchScreen.storyboard */,
			);
			path = PRStrategyPlanner;
			sourceTree = "<group>";
		};
		DB3B2E8D21AADE5400C10718 /* PRStrategyPlannerTests */ = {
			isa = PBXGroup;
			children = (
				DB3B2E8E21AADE5400C10718 /* PRStrategyPlannerTests.swift */,
				DB3B2E9021AADE5400C10718 /* Info.plist */,
			);
			path = PRStrategyPlannerTests;
			sourceTree = "<group>";
		};
		DB3B2E9921AAE97900C10718 /* Resources */ = {
			isa = PBXGroup;
			children = (
				DB3B2E8021AADE5300C10718 /* Assets.xcassets */,
				DB3B2E8521AADE5300C10718 /* Info.plist */,
				DB3B2E7D21AADE5100C10718 /* PRStrategyPlanner.xcdatamodeld */,
			);
			path = Resources;
			sourceTree = "<group>";
		};
		DB3B2E9B21AAE9E000C10718 /* Views */ = {
			isa = PBXGroup;
			children = (
				DB3ACCE221AC482800BD9132 /* Main */,
				DB3ACCE121AC481700BD9132 /* ListView */,
				DB3B2E9F21AAEB3400C10718 /* MapView */,
			);
			path = Views;
			sourceTree = "<group>";
		};
		DB3B2E9C21AAE9E800C10718 /* Models */ = {
			isa = PBXGroup;
			children = (
				DB3ACCE721AC692D00BD9132 /* DataProtocols.swift */,
				DB3ACCE921AC6BF400BD9132 /* CoreDataConnector.swift */,
				DB3B2EA021AAED2D00C10718 /* PowerRanger+CoreDataClass.swift */,
				DB3B2EA121AAED2D00C10718 /* PowerRanger+CoreDataProperties.swift */,
			);
			path = Models;
			sourceTree = "<group>";
		};
		DB3B2E9F21AAEB3400C10718 /* MapView */ = {
			isa = PBXGroup;
			children = (
				DB3B2EA421AAEDAA00C10718 /* PRView.swift */,
				DB3ACCE521AC4D9200BD9132 /* PRMapView.swift */,
			);
			path = MapView;
			sourceTree = "<group>";
		};
		DB3B2EA721AAF3C900C10718 /* Utils */ = {
			isa = PBXGroup;
			children = (
				DB3B2EA821AAF42100C10718 /* ColorUtils.swift */,
			);
			path = Utils;
			sourceTree = "<group>";
		};
/* End PBXGroup section */

/* Begin PBXNativeTarget section */
		DB3B2E7221AADE5100C10718 /* PRStrategyPlanner */ = {
			isa = PBXNativeTarget;
			buildConfigurationList = DB3B2E9321AADE5400C10718 /* Build configuration list for PBXNativeTarget "PRStrategyPlanner" */;
			buildPhases = (
				DB3B2E6F21AADE5100C10718 /* Sources */,
				DB3B2E7021AADE5100C10718 /* Frameworks */,
				DB3B2E7121AADE5100C10718 /* Resources */,
				DB3B2EA621AAEDE700C10718 /* ShellScript */,
			);
			buildRules = (
			);
			dependencies = (
			);
			name = PRStrategyPlanner;
			productName = PRStrategyPlanner;
			productReference = DB3B2E7321AADE5100C10718 /* PRStrategyPlanner.app */;
			productType = "com.apple.product-type.application";
		};
		DB3B2E8921AADE5400C10718 /* PRStrategyPlannerTests */ = {
			isa = PBXNativeTarget;
			buildConfigurationList = DB3B2E9621AADE5400C10718 /* Build configuration list for PBXNativeTarget "PRStrategyPlannerTests" */;
			buildPhases = (
				DB3B2E8621AADE5400C10718 /* Sources */,
				DB3B2E8721AADE5400C10718 /* Frameworks */,
				DB3B2E8821AADE5400C10718 /* Resources */,
			);
			buildRules = (
			);
			dependencies = (
				DB3B2E8C21AADE5400C10718 /* PBXTargetDependency */,
			);
			name = PRStrategyPlannerTests;
			productName = PRStrategyPlannerTests;
			productReference = DB3B2E8A21AADE5400C10718 /* PRStrategyPlannerTests.xctest */;
			productType = "com.apple.product-type.bundle.unit-test";
		};
/* End PBXNativeTarget section */

/* Begin PBXProject section */
		DB3B2E6B21AADE5100C10718 /* Project object */ = {
			isa = PBXProject;
			attributes = {
				LastSwiftUpdateCheck = 1010;
				LastUpgradeCheck = 1010;
				ORGANIZATIONNAME = "Vuong Cuong";
				TargetAttributes = {
					DB3B2E7221AADE5100C10718 = {
						CreatedOnToolsVersion = 10.1;
					};
					DB3B2E8921AADE5400C10718 = {
						CreatedOnToolsVersion = 10.1;
						TestTargetID = DB3B2E7221AADE5100C10718;
					};
				};
			};
			buildConfigurationList = DB3B2E6E21AADE5100C10718 /* Build configuration list for PBXProject "PRStrategyPlanner" */;
			compatibilityVersion = "Xcode 9.3";
			developmentRegion = en;
			hasScannedForEncodings = 0;
			knownRegions = (
				en,
				Base,
			);
			mainGroup = DB3B2E6A21AADE5100C10718;
			productRefGroup = DB3B2E7421AADE5100C10718 /* Products */;
			projectDirPath = "";
			projectRoot = "";
			targets = (
				DB3B2E7221AADE5100C10718 /* PRStrategyPlanner */,
				DB3B2E8921AADE5400C10718 /* PRStrategyPlannerTests */,
			);
		};
/* End PBXProject section */

/* Begin PBXResourcesBuildPhase section */
		DB3B2E7121AADE5100C10718 /* Resources */ = {
			isa = PBXResourcesBuildPhase;
			buildActionMask = 2147483647;
			files = (
				DB3B2E8421AADE5300C10718 /* LaunchScreen.storyboard in Resources */,
				DB3B2E8121AADE5300C10718 /* Assets.xcassets in Resources */,
				DB3B2E7C21AADE5100C10718 /* Main.storyboard in Resources */,
			);
			runOnlyForDeploymentPostprocessing = 0;
		};
		DB3B2E8821AADE5400C10718 /* Resources */ = {
			isa = PBXResourcesBuildPhase;
			buildActionMask = 2147483647;
			files = (
			);
			runOnlyForDeploymentPostprocessing = 0;
		};
/* End PBXResourcesBuildPhase section */

/* Begin PBXShellScriptBuildPhase section */
		DB3B2EA621AAEDE700C10718 /* ShellScript */ = {
			isa = PBXShellScriptBuildPhase;
			buildActionMask = 2147483647;
			files = (
			);
			inputFileListPaths = (
			);
			inputPaths = (
			);
			outputFileListPaths = (
			);
			outputPaths = (
			);
			runOnlyForDeploymentPostprocessing = 0;
			shellPath = /bin/sh;
			shellScript = "#if which swiftlint >/dev/null; then\n#swiftlint --config ~/.swiftlint.yml\n#else\n#echo \"warning: SwiftLint not installed, download from https://github.com/realm/SwiftLint\"\n#fi\n";
		};
/* End PBXShellScriptBuildPhase section */

/* Begin PBXSourcesBuildPhase section */
		DB3B2E6F21AADE5100C10718 /* Sources */ = {
			isa = PBXSourcesBuildPhase;
			buildActionMask = 2147483647;
			files = (
				DB3B2E7F21AADE5100C10718 /* PRStrategyPlanner.xcdatamodeld in Sources */,
				DB3B2EA921AAF42100C10718 /* ColorUtils.swift in Sources */,
				DB3B2E7921AADE5100C10718 /* ViewController.swift in Sources */,
				DB3ACCEA21AC6BF400BD9132 /* CoreDataConnector.swift in Sources */,
				DB36AD5121ABAB7B001095AF /* PRViewViewModel.swift in Sources */,
				DB3B2EA321AAED2D00C10718 /* PowerRanger+CoreDataProperties.swift in Sources */,
				DB3B2EA221AAED2D00C10718 /* PowerRanger+CoreDataClass.swift in Sources */,
				DB3B2E7721AADE5100C10718 /* AppDelegate.swift in Sources */,
				DB3ACCE621AC4D9200BD9132 /* PRMapView.swift in Sources */,
				DB3B2EAF21AAF70300C10718 /* PRCellViewModel.swift in Sources */,
				DB3B2EAD21AAF6BE00C10718 /* PRListViewModel.swift in Sources */,
				DB3B2EA521AAEDAA00C10718 /* PRView.swift in Sources */,
				DB36AD5521ABEE54001095AF /* ViewModelProtocols.swift in Sources */,
				DB3B2EB121AB001700C10718 /* PRTableViewCell.swift in Sources */,
				DB3B2EB321AB0B1300C10718 /* PRMapViewModel.swift in Sources */,
				DB3ACCE821AC692E00BD9132 /* DataProtocols.swift in Sources */,
			);
			runOnlyForDeploymentPostprocessing = 0;
		};
		DB3B2E8621AADE5400C10718 /* Sources */ = {
			isa = PBXSourcesBuildPhase;
			buildActionMask = 2147483647;
			files = (
				DB3B2E8F21AADE5400C10718 /* PRStrategyPlannerTests.swift in Sources */,
			);
			runOnlyForDeploymentPostprocessing = 0;
		};
/* End PBXSourcesBuildPhase section */

/* Begin PBXTargetDependency section */
		DB3B2E8C21AADE5400C10718 /* PBXTargetDependency */ = {
			isa = PBXTargetDependency;
			target = DB3B2E7221AADE5100C10718 /* PRStrategyPlanner */;
			targetProxy = DB3B2E8B21AADE5400C10718 /* PBXContainerItemProxy */;
		};
/* End PBXTargetDependency section */

/* Begin PBXVariantGroup section */
		DB3B2E7A21AADE5100C10718 /* Main.storyboard */ = {
			isa = PBXVariantGroup;
			children = (
				DB3B2E7B21AADE5100C10718 /* Base */,
			);
			name = Main.storyboard;
			sourceTree = "<group>";
		};
		DB3B2E8221AADE5300C10718 /* LaunchScreen.storyboard */ = {
			isa = PBXVariantGroup;
			children = (
				DB3B2E8321AADE5300C10718 /* Base */,
			);
			name = LaunchScreen.storyboard;
			sourceTree = "<group>";
		};
/* End PBXVariantGroup section */

/* Begin XCBuildConfiguration section */
		DB3B2E9121AADE5400C10718 /* Debug */ = {
			isa = XCBuildConfiguration;
			buildSettings = {
				ALWAYS_SEARCH_USER_PATHS = NO;
				CLANG_ANALYZER_NONNULL = YES;
				CLANG_ANALYZER_NUMBER_OBJECT_CONVERSION = YES_AGGRESSIVE;
				CLANG_CXX_LANGUAGE_STANDARD = "gnu++14";
				CLANG_CXX_LIBRARY = "libc++";
				CLANG_ENABLE_MODULES = YES;
				CLANG_ENABLE_OBJC_ARC = YES;
				CLANG_ENABLE_OBJC_WEAK = YES;
				CLANG_WARN_BLOCK_CAPTURE_AUTORELEASING = YES;
				CLANG_WARN_BOOL_CONVERSION = YES;
				CLANG_WARN_COMMA = YES;
				CLANG_WARN_CONSTANT_CONVERSION = YES;
				CLANG_WARN_DEPRECATED_OBJC_IMPLEMENTATIONS = YES;
				CLANG_WARN_DIRECT_OBJC_ISA_USAGE = YES_ERROR;
				CLANG_WARN_DOCUMENTATION_COMMENTS = YES;
				CLANG_WARN_EMPTY_BODY = YES;
				CLANG_WARN_ENUM_CONVERSION = YES;
				CLANG_WARN_INFINITE_RECURSION = YES;
				CLANG_WARN_INT_CONVERSION = YES;
				CLANG_WARN_NON_LITERAL_NULL_CONVERSION = YES;
				CLANG_WARN_OBJC_IMPLICIT_RETAIN_SELF = YES;
				CLANG_WARN_OBJC_LITERAL_CONVERSION = YES;
				CLANG_WARN_OBJC_ROOT_CLASS = YES_ERROR;
				CLANG_WARN_RANGE_LOOP_ANALYSIS = YES;
				CLANG_WARN_STRICT_PROTOTYPES = YES;
				CLANG_WARN_SUSPICIOUS_MOVE = YES;
				CLANG_WARN_UNGUARDED_AVAILABILITY = YES_AGGRESSIVE;
				CLANG_WARN_UNREACHABLE_CODE = YES;
				CLANG_WARN__DUPLICATE_METHOD_MATCH = YES;
				CODE_SIGN_IDENTITY = "iPhone Developer";
				COPY_PHASE_STRIP = NO;
				DEBUG_INFORMATION_FORMAT = dwarf;
				ENABLE_STRICT_OBJC_MSGSEND = YES;
				ENABLE_TESTABILITY = YES;
				GCC_C_LANGUAGE_STANDARD = gnu11;
				GCC_DYNAMIC_NO_PIC = NO;
				GCC_NO_COMMON_BLOCKS = YES;
				GCC_OPTIMIZATION_LEVEL = 0;
				GCC_PREPROCESSOR_DEFINITIONS = (
					"DEBUG=1",
					"$(inherited)",
				);
				GCC_WARN_64_TO_32_BIT_CONVERSION = YES;
				GCC_WARN_ABOUT_RETURN_TYPE = YES_ERROR;
				GCC_WARN_UNDECLARED_SELECTOR = YES;
				GCC_WARN_UNINITIALIZED_AUTOS = YES_AGGRESSIVE;
				GCC_WARN_UNUSED_FUNCTION = YES;
				GCC_WARN_UNUSED_VARIABLE = YES;
				IPHONEOS_DEPLOYMENT_TARGET = 12.1;
				MTL_ENABLE_DEBUG_INFO = INCLUDE_SOURCE;
				MTL_FAST_MATH = YES;
				ONLY_ACTIVE_ARCH = YES;
				SDKROOT = iphoneos;
				SWIFT_ACTIVE_COMPILATION_CONDITIONS = DEBUG;
				SWIFT_OPTIMIZATION_LEVEL = "-Onone";
			};
			name = Debug;
		};
		DB3B2E9221AADE5400C10718 /* Release */ = {
			isa = XCBuildConfiguration;
			buildSettings = {
				ALWAYS_SEARCH_USER_PATHS = NO;
				CLANG_ANALYZER_NONNULL = YES;
				CLANG_ANALYZER_NUMBER_OBJECT_CONVERSION = YES_AGGRESSIVE;
				CLANG_CXX_LANGUAGE_STANDARD = "gnu++14";
				CLANG_CXX_LIBRARY = "libc++";
				CLANG_ENABLE_MODULES = YES;
				CLANG_ENABLE_OBJC_ARC = YES;
				CLANG_ENABLE_OBJC_WEAK = YES;
				CLANG_WARN_BLOCK_CAPTURE_AUTORELEASING = YES;
				CLANG_WARN_BOOL_CONVERSION = YES;
				CLANG_WARN_COMMA = YES;
				CLANG_WARN_CONSTANT_CONVERSION = YES;
				CLANG_WARN_DEPRECATED_OBJC_IMPLEMENTATIONS = YES;
				CLANG_WARN_DIRECT_OBJC_ISA_USAGE = YES_ERROR;
				CLANG_WARN_DOCUMENTATION_COMMENTS = YES;
				CLANG_WARN_EMPTY_BODY = YES;
				CLANG_WARN_ENUM_CONVERSION = YES;
				CLANG_WARN_INFINITE_RECURSION = YES;
				CLANG_WARN_INT_CONVERSION = YES;
				CLANG_WARN_NON_LITERAL_NULL_CONVERSION = YES;
				CLANG_WARN_OBJC_IMPLICIT_RETAIN_SELF = YES;
				CLANG_WARN_OBJC_LITERAL_CONVERSION = YES;
				CLANG_WARN_OBJC_ROOT_CLASS = YES_ERROR;
				CLANG_WARN_RANGE_LOOP_ANALYSIS = YES;
				CLANG_WARN_STRICT_PROTOTYPES = YES;
				CLANG_WARN_SUSPICIOUS_MOVE = YES;
				CLANG_WARN_UNGUARDED_AVAILABILITY = YES_AGGRESSIVE;
				CLANG_WARN_UNREACHABLE_CODE = YES;
				CLANG_WARN__DUPLICATE_METHOD_MATCH = YES;
				CODE_SIGN_IDENTITY = "iPhone Developer";
				COPY_PHASE_STRIP = NO;
				DEBUG_INFORMATION_FORMAT = "dwarf-with-dsym";
				ENABLE_NS_ASSERTIONS = NO;
				ENABLE_STRICT_OBJC_MSGSEND = YES;
				GCC_C_LANGUAGE_STANDARD = gnu11;
				GCC_NO_COMMON_BLOCKS = YES;
				GCC_WARN_64_TO_32_BIT_CONVERSION = YES;
				GCC_WARN_ABOUT_RETURN_TYPE = YES_ERROR;
				GCC_WARN_UNDECLARED_SELECTOR = YES;
				GCC_WARN_UNINITIALIZED_AUTOS = YES_AGGRESSIVE;
				GCC_WARN_UNUSED_FUNCTION = YES;
				GCC_WARN_UNUSED_VARIABLE = YES;
				IPHONEOS_DEPLOYMENT_TARGET = 12.1;
				MTL_ENABLE_DEBUG_INFO = NO;
				MTL_FAST_MATH = YES;
				SDKROOT = iphoneos;
				SWIFT_COMPILATION_MODE = wholemodule;
				SWIFT_OPTIMIZATION_LEVEL = "-O";
				VALIDATE_PRODUCT = YES;
			};
			name = Release;
		};
		DB3B2E9421AADE5400C10718 /* Debug */ = {
			isa = XCBuildConfiguration;
			buildSettings = {
				ASSETCATALOG_COMPILER_APPICON_NAME = AppIcon;
				CODE_SIGN_STYLE = Automatic;
				DEVELOPMENT_TEAM = 3B5A48TYG4;
				INFOPLIST_FILE = PRStrategyPlanner/Resources/Info.plist;
				IPHONEOS_DEPLOYMENT_TARGET = 11.0;
				LD_RUNPATH_SEARCH_PATHS = (
					"$(inherited)",
					"@executable_path/Frameworks",
				);
				PRODUCT_BUNDLE_IDENTIFIER = com.i3.testapp;
				PRODUCT_NAME = "$(TARGET_NAME)";
				SWIFT_VERSION = 4.2;
				TARGETED_DEVICE_FAMILY = "1,2";
			};
			name = Debug;
		};
		DB3B2E9521AADE5400C10718 /* Release */ = {
			isa = XCBuildConfiguration;
			buildSettings = {
				ASSETCATALOG_COMPILER_APPICON_NAME = AppIcon;
				CODE_SIGN_STYLE = Automatic;
				DEVELOPMENT_TEAM = 3B5A48TYG4;
				INFOPLIST_FILE = PRStrategyPlanner/Resources/Info.plist;
				IPHONEOS_DEPLOYMENT_TARGET = 11.0;
				LD_RUNPATH_SEARCH_PATHS = (
					"$(inherited)",
					"@executable_path/Frameworks",
				);
				PRODUCT_BUNDLE_IDENTIFIER = com.i3.testapp;
				PRODUCT_NAME = "$(TARGET_NAME)";
				SWIFT_VERSION = 4.2;
				TARGETED_DEVICE_FAMILY = "1,2";
			};
			name = Release;
		};
		DB3B2E9721AADE5400C10718 /* Debug */ = {
			isa = XCBuildConfiguration;
			buildSettings = {
				ALWAYS_EMBED_SWIFT_STANDARD_LIBRARIES = YES;
				BUNDLE_LOADER = "$(TEST_HOST)";
				CODE_SIGN_STYLE = Automatic;
				INFOPLIST_FILE = PRStrategyPlannerTests/Info.plist;
				LD_RUNPATH_SEARCH_PATHS = (
					"$(inherited)",
					"@executable_path/Frameworks",
					"@loader_path/Frameworks",
				);
				PRODUCT_BUNDLE_IDENTIFIER = com.i3.testapp.PRStrategyPlannerTests;
				PRODUCT_NAME = "$(TARGET_NAME)";
				SWIFT_VERSION = 4.2;
				TARGETED_DEVICE_FAMILY = "1,2";
				TEST_HOST = "$(BUILT_PRODUCTS_DIR)/PRStrategyPlanner.app/PRStrategyPlanner";
			};
			name = Debug;
		};
		DB3B2E9821AADE5400C10718 /* Release */ = {
			isa = XCBuildConfiguration;
			buildSettings = {
				ALWAYS_EMBED_SWIFT_STANDARD_LIBRARIES = YES;
				BUNDLE_LOADER = "$(TEST_HOST)";
				CODE_SIGN_STYLE = Automatic;
				INFOPLIST_FILE = PRStrategyPlannerTests/Info.plist;
				LD_RUNPATH_SEARCH_PATHS = (
					"$(inherited)",
					"@executable_path/Frameworks",
					"@loader_path/Frameworks",
				);
				PRODUCT_BUNDLE_IDENTIFIER = com.i3.testapp.PRStrategyPlannerTests;
				PRODUCT_NAME = "$(TARGET_NAME)";
				SWIFT_VERSION = 4.2;
				TARGETED_DEVICE_FAMILY = "1,2";
				TEST_HOST = "$(BUILT_PRODUCTS_DIR)/PRStrategyPlanner.app/PRStrategyPlanner";
			};
			name = Release;
		};
/* End XCBuildConfiguration section */

/* Begin XCConfigurationList section */
		DB3B2E6E21AADE5100C10718 /* Build configuration list for PBXProject "PRStrategyPlanner" */ = {
			isa = XCConfigurationList;
			buildConfigurations = (
				DB3B2E9121AADE5400C10718 /* Debug */,
				DB3B2E9221AADE5400C10718 /* Release */,
			);
			defaultConfigurationIsVisible = 0;
			defaultConfigurationName = Release;
		};
		DB3B2E9321AADE5400C10718 /* Build configuration list for PBXNativeTarget "PRStrategyPlanner" */ = {
			isa = XCConfigurationList;
			buildConfigurations = (
				DB3B2E9421AADE5400C10718 /* Debug */,
				DB3B2E9521AADE5400C10718 /* Release */,
			);
			defaultConfigurationIsVisible = 0;
			defaultConfigurationName = Release;
		};
		DB3B2E9621AADE5400C10718 /* Build configuration list for PBXNativeTarget "PRStrategyPlannerTests" */ = {
			isa = XCConfigurationList;
			buildConfigurations = (
				DB3B2E9721AADE5400C10718 /* Debug */,
				DB3B2E9821AADE5400C10718 /* Release */,
			);
			defaultConfigurationIsVisible = 0;
			defaultConfigurationName = Release;
		};
/* End XCConfigurationList section */

/* Begin XCVersionGroup section */
		DB3B2E7D21AADE5100C10718 /* PRStrategyPlanner.xcdatamodeld */ = {
			isa = XCVersionGroup;
			children = (
				DB3B2E7E21AADE5100C10718 /* PRStrategyPlanner.xcdatamodel */,
			);
			currentVersion = DB3B2E7E21AADE5100C10718 /* PRStrategyPlanner.xcdatamodel */;
			path = PRStrategyPlanner.xcdatamodeld;
			sourceTree = "<group>";
			versionGroupType = wrapper.xcdatamodel;
		};
/* End XCVersionGroup section */
	};
	rootObject = DB3B2E6B21AADE5100C10718 /* Project object */;
}
